// !$*UTF8*$!
{
	archiveVersion = 1;
	classes = {
	};
	objectVersion = 46;
	objects = {

/* Begin PBXBuildFile section */
		424B551B1C29207000DF4E9A /* main.m in Sources */ = {isa = PBXBuildFile; fileRef = 424B551A1C29207000DF4E9A /* main.m */; };
		424B551E1C29207000DF4E9A /* AppDelegate.m in Sources */ = {isa = PBXBuildFile; fileRef = 424B551D1C29207000DF4E9A /* AppDelegate.m */; };
		424B55241C29207000DF4E9A /* Main.storyboard in Resources */ = {isa = PBXBuildFile; fileRef = 424B55221C29207000DF4E9A /* Main.storyboard */; };
		424B55261C29207000DF4E9A /* Assets.xcassets in Resources */ = {isa = PBXBuildFile; fileRef = 424B55251C29207000DF4E9A /* Assets.xcassets */; };
		424B55291C29207000DF4E9A /* LaunchScreen.storyboard in Resources */ = {isa = PBXBuildFile; fileRef = 424B55271C29207000DF4E9A /* LaunchScreen.storyboard */; };
		424B55341C29207000DF4E9A /* ParallaxHeaderTests.m in Sources */ = {isa = PBXBuildFile; fileRef = 424B55331C29207000DF4E9A /* ParallaxHeaderTests.m */; };
		424B553F1C29207000DF4E9A /* ParallaxHeaderUITests.m in Sources */ = {isa = PBXBuildFile; fileRef = 424B553E1C29207000DF4E9A /* ParallaxHeaderUITests.m */; };
		424B554E1C29209400DF4E9A /* PHTableViewController.m in Sources */ = {isa = PBXBuildFile; fileRef = 424B554D1C29209400DF4E9A /* PHTableViewController.m */; };
		424B55511C2920AB00DF4E9A /* ParallaxHeader.m in Sources */ = {isa = PBXBuildFile; fileRef = 424B55501C2920AB00DF4E9A /* ParallaxHeader.m */; };
		424B55571C29438E00DF4E9A /* PHDemoHeader.m in Sources */ = {isa = PBXBuildFile; fileRef = 424B55561C29438E00DF4E9A /* PHDemoHeader.m */; };
		424B55601C2A7C8D00DF4E9A /* TherbligsViewModel.m in Sources */ = {isa = PBXBuildFile; fileRef = 424B555F1C2A7C8D00DF4E9A /* TherbligsViewModel.m */; };
		424B55631C2A7CB400DF4E9A /* IntroViewModel.m in Sources */ = {isa = PBXBuildFile; fileRef = 424B55621C2A7CB400DF4E9A /* IntroViewModel.m */; };
		424B55671C2A7E5F00DF4E9A /* PHSegmentedControl.m in Sources */ = {isa = PBXBuildFile; fileRef = 424B55661C2A7E5F00DF4E9A /* PHSegmentedControl.m */; };
		424B556A1C2A7E7300DF4E9A /* PHDemoCell.m in Sources */ = {isa = PBXBuildFile; fileRef = 424B55691C2A7E7300DF4E9A /* PHDemoCell.m */; };
		424B556D1C2A83B800DF4E9A /* PHDemoDataStruct.m in Sources */ = {isa = PBXBuildFile; fileRef = 424B556C1C2A83B800DF4E9A /* PHDemoDataStruct.m */; };
/* End PBXBuildFile section */

/* Begin PBXContainerItemProxy section */
		424B55301C29207000DF4E9A /* PBXContainerItemProxy */ = {
			isa = PBXContainerItemProxy;
			containerPortal = 424B550E1C29207000DF4E9A /* Project object */;
			proxyType = 1;
			remoteGlobalIDString = 424B55151C29207000DF4E9A;
			remoteInfo = ParallaxHeader;
		};
		424B553B1C29207000DF4E9A /* PBXContainerItemProxy */ = {
			isa = PBXContainerItemProxy;
			containerPortal = 424B550E1C29207000DF4E9A /* Project object */;
			proxyType = 1;
			remoteGlobalIDString = 424B55151C29207000DF4E9A;
			remoteInfo = ParallaxHeader;
		};
/* End PBXContainerItemProxy section */

/* Begin PBXFileReference section */
		424B55161C29207000DF4E9A /* ParallaxHeader.app */ = {isa = PBXFileReference; explicitFileType = wrapper.application; includeInIndex = 0; path = ParallaxHeader.app; sourceTree = BUILT_PRODUCTS_DIR; };
		424B551A1C29207000DF4E9A /* main.m */ = {isa = PBXFileReference; lastKnownFileType = sourcecode.c.objc; path = main.m; sourceTree = "<group>"; };
		424B551C1C29207000DF4E9A /* AppDelegate.h */ = {isa = PBXFileReference; lastKnownFileType = sourcecode.c.h; path = AppDelegate.h; sourceTree = "<group>"; };
		424B551D1C29207000DF4E9A /* AppDelegate.m */ = {isa = PBXFileReference; lastKnownFileType = sourcecode.c.objc; path = AppDelegate.m; sourceTree = "<group>"; };
		424B55231C29207000DF4E9A /* Base */ = {isa = PBXFileReference; lastKnownFileType = file.storyboard; name = Base; path = Base.lproj/Main.storyboard; sourceTree = "<group>"; };
		424B55251C29207000DF4E9A /* Assets.xcassets */ = {isa = PBXFileReference; lastKnownFileType = folder.assetcatalog; path = Assets.xcassets; sourceTree = "<group>"; };
		424B55281C29207000DF4E9A /* Base */ = {isa = PBXFileReference; lastKnownFileType = file.storyboard; name = Base; path = Base.lproj/LaunchScreen.storyboard; sourceTree = "<group>"; };
		424B552A1C29207000DF4E9A /* Info.plist */ = {isa = PBXFileReference; lastKnownFileType = text.plist.xml; path = Info.plist; sourceTree = "<group>"; };
		424B552F1C29207000DF4E9A /* ParallaxHeaderTests.xctest */ = {isa = PBXFileReference; explicitFileType = wrapper.cfbundle; includeInIndex = 0; path = ParallaxHeaderTests.xctest; sourceTree = BUILT_PRODUCTS_DIR; };
		424B55331C29207000DF4E9A /* ParallaxHeaderTests.m */ = {isa = PBXFileReference; lastKnownFileType = sourcecode.c.objc; path = ParallaxHeaderTests.m; sourceTree = "<group>"; };
		424B55351C29207000DF4E9A /* Info.plist */ = {isa = PBXFileReference; lastKnownFileType = text.plist.xml; path = Info.plist; sourceTree = "<group>"; };
		424B553A1C29207000DF4E9A /* ParallaxHeaderUITests.xctest */ = {isa = PBXFileReference; explicitFileType = wrapper.cfbundle; includeInIndex = 0; path = ParallaxHeaderUITests.xctest; sourceTree = BUILT_PRODUCTS_DIR; };
		424B553E1C29207000DF4E9A /* ParallaxHeaderUITests.m */ = {isa = PBXFileReference; lastKnownFileType = sourcecode.c.objc; path = ParallaxHeaderUITests.m; sourceTree = "<group>"; };
		424B55401C29207000DF4E9A /* Info.plist */ = {isa = PBXFileReference; lastKnownFileType = text.plist.xml; path = Info.plist; sourceTree = "<group>"; };
		424B554C1C29209400DF4E9A /* PHTableViewController.h */ = {isa = PBXFileReference; fileEncoding = 4; lastKnownFileType = sourcecode.c.h; path = PHTableViewController.h; sourceTree = "<group>"; };
		424B554D1C29209400DF4E9A /* PHTableViewController.m */ = {isa = PBXFileReference; fileEncoding = 4; lastKnownFileType = sourcecode.c.objc; path = PHTableViewController.m; sourceTree = "<group>"; };
		424B554F1C2920AB00DF4E9A /* ParallaxHeader.h */ = {isa = PBXFileReference; fileEncoding = 4; lastKnownFileType = sourcecode.c.h; path = ParallaxHeader.h; sourceTree = "<group>"; };
		424B55501C2920AB00DF4E9A /* ParallaxHeader.m */ = {isa = PBXFileReference; fileEncoding = 4; lastKnownFileType = sourcecode.c.objc; path = ParallaxHeader.m; sourceTree = "<group>"; };
		424B55551C29438E00DF4E9A /* PHDemoHeader.h */ = {isa = PBXFileReference; fileEncoding = 4; lastKnownFileType = sourcecode.c.h; path = PHDemoHeader.h; sourceTree = "<group>"; };
		424B55561C29438E00DF4E9A /* PHDemoHeader.m */ = {isa = PBXFileReference; fileEncoding = 4; lastKnownFileType = sourcecode.c.objc; path = PHDemoHeader.m; sourceTree = "<group>"; };
		424B555E1C2A7C8D00DF4E9A /* TherbligsViewModel.h */ = {isa = PBXFileReference; fileEncoding = 4; lastKnownFileType = sourcecode.c.h; path = TherbligsViewModel.h; sourceTree = "<group>"; };
		424B555F1C2A7C8D00DF4E9A /* TherbligsViewModel.m */ = {isa = PBXFileReference; fileEncoding = 4; lastKnownFileType = sourcecode.c.objc; path = TherbligsViewModel.m; sourceTree = "<group>"; };
		424B55611C2A7CB400DF4E9A /* IntroViewModel.h */ = {isa = PBXFileReference; fileEncoding = 4; lastKnownFileType = sourcecode.c.h; path = IntroViewModel.h; sourceTree = "<group>"; };
		424B55621C2A7CB400DF4E9A /* IntroViewModel.m */ = {isa = PBXFileReference; fileEncoding = 4; lastKnownFileType = sourcecode.c.objc; path = IntroViewModel.m; sourceTree = "<group>"; };
		424B55641C2A7CDB00DF4E9A /* PHTimelineModel.h */ = {isa = PBXFileReference; lastKnownFileType = sourcecode.c.h; path = PHTimelineModel.h; sourceTree = "<group>"; };
		424B55651C2A7E5F00DF4E9A /* PHSegmentedControl.h */ = {isa = PBXFileReference; fileEncoding = 4; lastKnownFileType = sourcecode.c.h; path = PHSegmentedControl.h; sourceTree = "<group>"; };
		424B55661C2A7E5F00DF4E9A /* PHSegmentedControl.m */ = {isa = PBXFileReference; fileEncoding = 4; lastKnownFileType = sourcecode.c.objc; path = PHSegmentedControl.m; sourceTree = "<group>"; };
		424B55681C2A7E7300DF4E9A /* PHDemoCell.h */ = {isa = PBXFileReference; fileEncoding = 4; lastKnownFileType = sourcecode.c.h; path = PHDemoCell.h; sourceTree = "<group>"; };
		424B55691C2A7E7300DF4E9A /* PHDemoCell.m */ = {isa = PBXFileReference; fileEncoding = 4; lastKnownFileType = sourcecode.c.objc; path = PHDemoCell.m; sourceTree = "<group>"; };
		424B556B1C2A83B800DF4E9A /* PHDemoDataStruct.h */ = {isa = PBXFileReference; fileEncoding = 4; lastKnownFileType = sourcecode.c.h; path = PHDemoDataStruct.h; sourceTree = "<group>"; };
		424B556C1C2A83B800DF4E9A /* PHDemoDataStruct.m */ = {isa = PBXFileReference; fileEncoding = 4; lastKnownFileType = sourcecode.c.objc; path = PHDemoDataStruct.m; sourceTree = "<group>"; };
/* End PBXFileReference section */

/* Begin PBXFrameworksBuildPhase section */
		424B55131C29207000DF4E9A /* Frameworks */ = {
			isa = PBXFrameworksBuildPhase;
			buildActionMask = 2147483647;
			files = (
			);
			runOnlyForDeploymentPostprocessing = 0;
		};
		424B552C1C29207000DF4E9A /* Frameworks */ = {
			isa = PBXFrameworksBuildPhase;
			buildActionMask = 2147483647;
			files = (
			);
			runOnlyForDeploymentPostprocessing = 0;
		};
		424B55371C29207000DF4E9A /* Frameworks */ = {
			isa = PBXFrameworksBuildPhase;
			buildActionMask = 2147483647;
			files = (
			);
			runOnlyForDeploymentPostprocessing = 0;
		};
/* End PBXFrameworksBuildPhase section */

/* Begin PBXGroup section */
		424B550D1C29207000DF4E9A = {
			isa = PBXGroup;
			children = (
				424B55181C29207000DF4E9A /* ParallaxHeader */,
				424B55321C29207000DF4E9A /* ParallaxHeaderTests */,
				424B553D1C29207000DF4E9A /* ParallaxHeaderUITests */,
				424B55171C29207000DF4E9A /* Products */,
			);
			sourceTree = "<group>";
		};
		424B55171C29207000DF4E9A /* Products */ = {
			isa = PBXGroup;
			children = (
				424B55161C29207000DF4E9A /* ParallaxHeader.app */,
				424B552F1C29207000DF4E9A /* ParallaxHeaderTests.xctest */,
				424B553A1C29207000DF4E9A /* ParallaxHeaderUITests.xctest */,
			);
			name = Products;
			sourceTree = "<group>";
		};
		424B55181C29207000DF4E9A /* ParallaxHeader */ = {
			isa = PBXGroup;
			children = (
				424B551C1C29207000DF4E9A /* AppDelegate.h */,
				424B551D1C29207000DF4E9A /* AppDelegate.m */,
				424B554C1C29209400DF4E9A /* PHTableViewController.h */,
				424B554D1C29209400DF4E9A /* PHTableViewController.m */,
				424B55551C29438E00DF4E9A /* PHDemoHeader.h */,
				424B55561C29438E00DF4E9A /* PHDemoHeader.m */,
				424B55681C2A7E7300DF4E9A /* PHDemoCell.h */,
				424B55691C2A7E7300DF4E9A /* PHDemoCell.m */,
				424B55651C2A7E5F00DF4E9A /* PHSegmentedControl.h */,
				424B55661C2A7E5F00DF4E9A /* PHSegmentedControl.m */,
				424B55641C2A7CDB00DF4E9A /* PHTimelineModel.h */,
				424B555E1C2A7C8D00DF4E9A /* TherbligsViewModel.h */,
				424B555F1C2A7C8D00DF4E9A /* TherbligsViewModel.m */,
				424B55611C2A7CB400DF4E9A /* IntroViewModel.h */,
				424B55621C2A7CB400DF4E9A /* IntroViewModel.m */,
				424B556B1C2A83B800DF4E9A /* PHDemoDataStruct.h */,
				424B556C1C2A83B800DF4E9A /* PHDemoDataStruct.m */,
				424B55541C29437600DF4E9A /* ParallaxHeader */,
				424B55221C29207000DF4E9A /* Main.storyboard */,
				424B55251C29207000DF4E9A /* Assets.xcassets */,
				424B55271C29207000DF4E9A /* LaunchScreen.storyboard */,
				424B552A1C29207000DF4E9A /* Info.plist */,
				424B55191C29207000DF4E9A /* Supporting Files */,
			);
			path = ParallaxHeader;
			sourceTree = "<group>";
		};
		424B55191C29207000DF4E9A /* Supporting Files */ = {
			isa = PBXGroup;
			children = (
				424B551A1C29207000DF4E9A /* main.m */,
			);
			name = "Supporting Files";
			sourceTree = "<group>";
		};
		424B55321C29207000DF4E9A /* ParallaxHeaderTests */ = {
			isa = PBXGroup;
			children = (
				424B55331C29207000DF4E9A /* ParallaxHeaderTests.m */,
				424B55351C29207000DF4E9A /* Info.plist */,
			);
			path = ParallaxHeaderTests;
			sourceTree = "<group>";
		};
		424B553D1C29207000DF4E9A /* ParallaxHeaderUITests */ = {
			isa = PBXGroup;
			children = (
				424B553E1C29207000DF4E9A /* ParallaxHeaderUITests.m */,
				424B55401C29207000DF4E9A /* Info.plist */,
			);
			path = ParallaxHeaderUITests;
			sourceTree = "<group>";
		};
		424B55541C29437600DF4E9A /* ParallaxHeader */ = {
			isa = PBXGroup;
			children = (
				424B554F1C2920AB00DF4E9A /* ParallaxHeader.h */,
				424B55501C2920AB00DF4E9A /* ParallaxHeader.m */,
			);
			name = ParallaxHeader;
			sourceTree = "<group>";
		};
/* End PBXGroup section */

/* Begin PBXNativeTarget section */
		424B55151C29207000DF4E9A /* ParallaxHeader */ = {
			isa = PBXNativeTarget;
			buildConfigurationList = 424B55431C29207000DF4E9A /* Build configuration list for PBXNativeTarget "ParallaxHeader" */;
			buildPhases = (
				424B55121C29207000DF4E9A /* Sources */,
				424B55131C29207000DF4E9A /* Frameworks */,
				424B55141C29207000DF4E9A /* Resources */,
			);
			buildRules = (
			);
			dependencies = (
			);
			name = ParallaxHeader;
			productName = ParallaxHeader;
			productReference = 424B55161C29207000DF4E9A /* ParallaxHeader.app */;
			productType = "com.apple.product-type.application";
		};
		424B552E1C29207000DF4E9A /* ParallaxHeaderTests */ = {
			isa = PBXNativeTarget;
			buildConfigurationList = 424B55461C29207000DF4E9A /* Build configuration list for PBXNativeTarget "ParallaxHeaderTests" */;
			buildPhases = (
				424B552B1C29207000DF4E9A /* Sources */,
				424B552C1C29207000DF4E9A /* Frameworks */,
				424B552D1C29207000DF4E9A /* Resources */,
			);
			buildRules = (
			);
			dependencies = (
				424B55311C29207000DF4E9A /* PBXTargetDependency */,
			);
			name = ParallaxHeaderTests;
			productName = ParallaxHeaderTests;
			productReference = 424B552F1C29207000DF4E9A /* ParallaxHeaderTests.xctest */;
			productType = "com.apple.product-type.bundle.unit-test";
		};
		424B55391C29207000DF4E9A /* ParallaxHeaderUITests */ = {
			isa = PBXNativeTarget;
			buildConfigurationList = 424B55491C29207000DF4E9A /* Build configuration list for PBXNativeTarget "ParallaxHeaderUITests" */;
			buildPhases = (
				424B55361C29207000DF4E9A /* Sources */,
				424B55371C29207000DF4E9A /* Frameworks */,
				424B55381C29207000DF4E9A /* Resources */,
			);
			buildRules = (
			);
			dependencies = (
				424B553C1C29207000DF4E9A /* PBXTargetDependency */,
			);
			name = ParallaxHeaderUITests;
			productName = ParallaxHeaderUITests;
			productReference = 424B553A1C29207000DF4E9A /* ParallaxHeaderUITests.xctest */;
			productType = "com.apple.product-type.bundle.ui-testing";
		};
/* End PBXNativeTarget section */

/* Begin PBXProject section */
		424B550E1C29207000DF4E9A /* Project object */ = {
			isa = PBXProject;
			attributes = {
				LastUpgradeCheck = 0720;
				ORGANIZATIONNAME = cc;
				TargetAttributes = {
					424B55151C29207000DF4E9A = {
						CreatedOnToolsVersion = 7.2;
					};
					424B552E1C29207000DF4E9A = {
						CreatedOnToolsVersion = 7.2;
						TestTargetID = 424B55151C29207000DF4E9A;
					};
					424B55391C29207000DF4E9A = {
						CreatedOnToolsVersion = 7.2;
						TestTargetID = 424B55151C29207000DF4E9A;
					};
				};
			};
			buildConfigurationList = 424B55111C29207000DF4E9A /* Build configuration list for PBXProject "ParallaxHeader" */;
			compatibilityVersion = "Xcode 3.2";
			developmentRegion = English;
			hasScannedForEncodings = 0;
			knownRegions = (
				en,
				Base,
			);
			mainGroup = 424B550D1C29207000DF4E9A;
			productRefGroup = 424B55171C29207000DF4E9A /* Products */;
			projectDirPath = "";
			projectRoot = "";
			targets = (
				424B55151C29207000DF4E9A /* ParallaxHeader */,
				424B552E1C29207000DF4E9A /* ParallaxHeaderTests */,
				424B55391C29207000DF4E9A /* ParallaxHeaderUITests */,
			);
		};
/* End PBXProject section */

/* Begin PBXResourcesBuildPhase section */
		424B55141C29207000DF4E9A /* Resources */ = {
			isa = PBXResourcesBuildPhase;
			buildActionMask = 2147483647;
			files = (
				424B55291C29207000DF4E9A /* LaunchScreen.storyboard in Resources */,
				424B55261C29207000DF4E9A /* Assets.xcassets in Resources */,
				424B55241C29207000DF4E9A /* Main.storyboard in Resources */,
			);
			runOnlyForDeploymentPostprocessing = 0;
		};
		424B552D1C29207000DF4E9A /* Resources */ = {
			isa = PBXResourcesBuildPhase;
			buildActionMask = 2147483647;
			files = (
			);
			runOnlyForDeploymentPostprocessing = 0;
		};
		424B55381C29207000DF4E9A /* Resources */ = {
			isa = PBXResourcesBuildPhase;
			buildActionMask = 2147483647;
			files = (
			);
			runOnlyForDeploymentPostprocessing = 0;
		};
/* End PBXResourcesBuildPhase section */

/* Begin PBXSourcesBuildPhase section */
		424B55121C29207000DF4E9A /* Sources */ = {
			isa = PBXSourcesBuildPhase;
			buildActionMask = 2147483647;
			files = (
				424B556A1C2A7E7300DF4E9A /* PHDemoCell.m in Sources */,
				424B55671C2A7E5F00DF4E9A /* PHSegmentedControl.m in Sources */,
				424B55631C2A7CB400DF4E9A /* IntroViewModel.m in Sources */,
				424B556D1C2A83B800DF4E9A /* PHDemoDataStruct.m in Sources */,
				424B55571C29438E00DF4E9A /* PHDemoHeader.m in Sources */,
				424B55601C2A7C8D00DF4E9A /* TherbligsViewModel.m in Sources */,
				424B551E1C29207000DF4E9A /* AppDelegate.m in Sources */,
				424B55511C2920AB00DF4E9A /* ParallaxHeader.m in Sources */,
				424B554E1C29209400DF4E9A /* PHTableViewController.m in Sources */,
				424B551B1C29207000DF4E9A /* main.m in Sources */,
			);
			runOnlyForDeploymentPostprocessing = 0;
		};
		424B552B1C29207000DF4E9A /* Sources */ = {
			isa = PBXSourcesBuildPhase;
			buildActionMask = 2147483647;
			files = (
				424B55341C29207000DF4E9A /* ParallaxHeaderTests.m in Sources */,
			);
			runOnlyForDeploymentPostprocessing = 0;
		};
		424B55361C29207000DF4E9A /* Sources */ = {
			isa = PBXSourcesBuildPhase;
			buildActionMask = 2147483647;
			files = (
				424B553F1C29207000DF4E9A /* ParallaxHeaderUITests.m in Sources */,
			);
			runOnlyForDeploymentPostprocessing = 0;
		};
/* End PBXSourcesBuildPhase section */

/* Begin PBXTargetDependency section */
		424B55311C29207000DF4E9A /* PBXTargetDependency */ = {
			isa = PBXTargetDependency;
			target = 424B55151C29207000DF4E9A /* ParallaxHeader */;
			targetProxy = 424B55301C29207000DF4E9A /* PBXContainerItemProxy */;
		};
		424B553C1C29207000DF4E9A /* PBXTargetDependency */ = {
			isa = PBXTargetDependency;
			target = 424B55151C29207000DF4E9A /* ParallaxHeader */;
			targetProxy = 424B553B1C29207000DF4E9A /* PBXContainerItemProxy */;
		};
/* End PBXTargetDependency section */

/* Begin PBXVariantGroup section */
		424B55221C29207000DF4E9A /* Main.storyboard */ = {
			isa = PBXVariantGroup;
			children = (
				424B55231C29207000DF4E9A /* Base */,
			);
			name = Main.storyboard;
			sourceTree = "<group>";
		};
		424B55271C29207000DF4E9A /* LaunchScreen.storyboard */ = {
			isa = PBXVariantGroup;
			children = (
				424B55281C29207000DF4E9A /* Base */,
			);
			name = LaunchScreen.storyboard;
			sourceTree = "<group>";
		};
/* End PBXVariantGroup section */

/* Begin XCBuildConfiguration section */
		424B55411C29207000DF4E9A /* Debug */ = {
			isa = XCBuildConfiguration;
			buildSettings = {
				ALWAYS_SEARCH_USER_PATHS = NO;
				CLANG_CXX_LANGUAGE_STANDARD = "gnu++0x";
				CLANG_CXX_LIBRARY = "libc++";
				CLANG_ENABLE_MODULES = YES;
				CLANG_ENABLE_OBJC_ARC = YES;
				CLANG_WARN_BOOL_CONVERSION = YES;
				CLANG_WARN_CONSTANT_CONVERSION = YES;
				CLANG_WARN_DIRECT_OBJC_ISA_USAGE = YES_ERROR;
				CLANG_WARN_EMPTY_BODY = YES;
				CLANG_WARN_ENUM_CONVERSION = YES;
				CLANG_WARN_INT_CONVERSION = YES;
				CLANG_WARN_OBJC_ROOT_CLASS = YES_ERROR;
				CLANG_WARN_UNREACHABLE_CODE = YES;
				CLANG_WARN__DUPLICATE_METHOD_MATCH = YES;
				"CODE_SIGN_IDENTITY[sdk=iphoneos*]" = "iPhone Developer";
				COPY_PHASE_STRIP = NO;
				DEBUG_INFORMATION_FORMAT = dwarf;
				ENABLE_STRICT_OBJC_MSGSEND = YES;
				ENABLE_TESTABILITY = YES;
				GCC_C_LANGUAGE_STANDARD = gnu99;
				GCC_DYNAMIC_NO_PIC = NO;
				GCC_NO_COMMON_BLOCKS = YES;
				GCC_OPTIMIZATION_LEVEL = 0;
				GCC_PREPROCESSOR_DEFINITIONS = (
					"DEBUG=1",
					"$(inherited)",
				);
				GCC_WARN_64_TO_32_BIT_CONVERSION = YES;
				GCC_WARN_ABOUT_RETURN_TYPE = YES_ERROR;
				GCC_WARN_UNDECLARED_SELECTOR = YES;
				GCC_WARN_UNINITIALIZED_AUTOS = YES_AGGRESSIVE;
				GCC_WARN_UNUSED_FUNCTION = YES;
				GCC_WARN_UNUSED_VARIABLE = YES;
				IPHONEOS_DEPLOYMENT_TARGET = 9.2;
				MTL_ENABLE_DEBUG_INFO = YES;
				ONLY_ACTIVE_ARCH = YES;
				SDKROOT = iphoneos;
				TARGETED_DEVICE_FAMILY = "1,2";
			};
			name = Debug;
		};
		424B55421C29207000DF4E9A /* Release */ = {
			isa = XCBuildConfiguration;
			buildSettings = {
				ALWAYS_SEARCH_USER_PATHS = NO;
				CLANG_CXX_LANGUAGE_STANDARD = "gnu++0x";
				CLANG_CXX_LIBRARY = "libc++";
				CLANG_ENABLE_MODULES = YES;
				CLANG_ENABLE_OBJC_ARC = YES;
				CLANG_WARN_BOOL_CONVERSION = YES;
				CLANG_WARN_CONSTANT_CONVERSION = YES;
				CLANG_WARN_DIRECT_OBJC_ISA_USAGE = YES_ERROR;
				CLANG_WARN_EMPTY_BODY = YES;
				CLANG_WARN_ENUM_CONVERSION = YES;
				CLANG_WARN_INT_CONVERSION = YES;
				CLANG_WARN_OBJC_ROOT_CLASS = YES_ERROR;
				CLANG_WARN_UNREACHABLE_CODE = YES;
				CLANG_WARN__DUPLICATE_METHOD_MATCH = YES;
				"CODE_SIGN_IDENTITY[sdk=iphoneos*]" = "iPhone Developer";
				COPY_PHASE_STRIP = NO;
				DEBUG_INFORMATION_FORMAT = "dwarf-with-dsym";
				ENABLE_NS_ASSERTIONS = NO;
				ENABLE_STRICT_OBJC_MSGSEND = YES;
				GCC_C_LANGUAGE_STANDARD = gnu99;
				GCC_NO_COMMON_BLOCKS = YES;
				GCC_WARN_64_TO_32_BIT_CONVERSION = YES;
				GCC_WARN_ABOUT_RETURN_TYPE = YES_ERROR;
				GCC_WARN_UNDECLARED_SELECTOR = YES;
				GCC_WARN_UNINITIALIZED_AUTOS = YES_AGGRESSIVE;
				GCC_WARN_UNUSED_FUNCTION = YES;
				GCC_WARN_UNUSED_VARIABLE = YES;
				IPHONEOS_DEPLOYMENT_TARGET = 9.2;
				MTL_ENABLE_DEBUG_INFO = NO;
				SDKROOT = iphoneos;
				TARGETED_DEVICE_FAMILY = "1,2";
				VALIDATE_PRODUCT = YES;
			};
			name = Release;
		};
		424B55441C29207000DF4E9A /* Debug */ = {
			isa = XCBuildConfiguration;
			buildSettings = {
				ASSETCATALOG_COMPILER_APPICON_NAME = AppIcon;
				INFOPLIST_FILE = ParallaxHeader/Info.plist;
				LD_RUNPATH_SEARCH_PATHS = "$(inherited) @executable_path/Frameworks";
				PRODUCT_BUNDLE_IDENTIFIER = com.cc.ParallaxHeader;
				PRODUCT_NAME = "$(TARGET_NAME)";
			};
			name = Debug;
		};
		424B55451C29207000DF4E9A /* Release */ = {
			isa = XCBuildConfiguration;
			buildSettings = {
				ASSETCATALOG_COMPILER_APPICON_NAME = AppIcon;
				INFOPLIST_FILE = ParallaxHeader/Info.plist;
				LD_RUNPATH_SEARCH_PATHS = "$(inherited) @executable_path/Frameworks";
				PRODUCT_BUNDLE_IDENTIFIER = com.cc.ParallaxHeader;
				PRODUCT_NAME = "$(TARGET_NAME)";
			};
			name = Release;
		};
		424B55471C29207000DF4E9A /* Debug */ = {
			isa = XCBuildConfiguration;
			buildSettings = {
				BUNDLE_LOADER = "$(TEST_HOST)";
				INFOPLIST_FILE = ParallaxHeaderTests/Info.plist;
				LD_RUNPATH_SEARCH_PATHS = "$(inherited) @executable_path/Frameworks @loader_path/Frameworks";
				PRODUCT_BUNDLE_IDENTIFIER = com.cc.ParallaxHeaderTests;
				PRODUCT_NAME = "$(TARGET_NAME)";
				TEST_HOST = "$(BUILT_PRODUCTS_DIR)/ParallaxHeader.app/ParallaxHeader";
			};
			name = Debug;
		};
		424B55481C29207000DF4E9A /* Release */ = {
			isa = XCBuildConfiguration;
			buildSettings = {
				BUNDLE_LOADER = "$(TEST_HOST)";
				INFOPLIST_FILE = ParallaxHeaderTests/Info.plist;
				LD_RUNPATH_SEARCH_PATHS = "$(inherited) @executable_path/Frameworks @loader_path/Frameworks";
				PRODUCT_BUNDLE_IDENTIFIER = com.cc.ParallaxHeaderTests;
				PRODUCT_NAME = "$(TARGET_NAME)";
				TEST_HOST = "$(BUILT_PRODUCTS_DIR)/ParallaxHeader.app/ParallaxHeader";
			};
			name = Release;
		};
		424B554A1C29207000DF4E9A /* Debug */ = {
			isa = XCBuildConfiguration;
			buildSettings = {
				INFOPLIST_FILE = ParallaxHeaderUITests/Info.plist;
				LD_RUNPATH_SEARCH_PATHS = "$(inherited) @executable_path/Frameworks @loader_path/Frameworks";
				PRODUCT_BUNDLE_IDENTIFIER = com.cc.ParallaxHeaderUITests;
				PRODUCT_NAME = "$(TARGET_NAME)";
				TEST_TARGET_NAME = ParallaxHeader;
				USES_XCTRUNNER = YES;
			};
			name = Debug;
		};
		424B554B1C29207000DF4E9A /* Release */ = {
			isa = XCBuildConfiguration;
			buildSettings = {
				INFOPLIST_FILE = ParallaxHeaderUITests/Info.plist;
				LD_RUNPATH_SEARCH_PATHS = "$(inherited) @executable_path/Frameworks @loader_path/Frameworks";
				PRODUCT_BUNDLE_IDENTIFIER = com.cc.ParallaxHeaderUITests;
				PRODUCT_NAME = "$(TARGET_NAME)";
				TEST_TARGET_NAME = ParallaxHeader;
				USES_XCTRUNNER = YES;
			};
			name = Release;
		};
/* End XCBuildConfiguration section */

/* Begin XCConfigurationList section */
		424B55111C29207000DF4E9A /* Build configuration list for PBXProject "ParallaxHeader" */ = {
			isa = XCConfigurationList;
			buildConfigurations = (
				424B55411C29207000DF4E9A /* Debug */,
				424B55421C29207000DF4E9A /* Release */,
			);
			defaultConfigurationIsVisible = 0;
			defaultConfigurationName = Release;
		};
		424B55431C29207000DF4E9A /* Build configuration list for PBXNativeTarget "ParallaxHeader" */ = {
			isa = XCConfigurationList;
			buildConfigurations = (
				424B55441C29207000DF4E9A /* Debug */,
				424B55451C29207000DF4E9A /* Release */,
			);
			defaultConfigurationIsVisible = 0;
			defaultConfigurationName = Release;
		};
		424B55461C29207000DF4E9A /* Build configuration list for PBXNativeTarget "ParallaxHeaderTests" */ = {
			isa = XCConfigurationList;
			buildConfigurations = (
				424B55471C29207000DF4E9A /* Debug */,
				424B55481C29207000DF4E9A /* Release */,
			);
			defaultConfigurationIsVisible = 0;
			defaultConfigurationName = Release;
		};
		424B55491C29207000DF4E9A /* Build configuration list for PBXNativeTarget "ParallaxHeaderUITests" */ = {
			isa = XCConfigurationList;
			buildConfigurations = (
				424B554A1C29207000DF4E9A /* Debug */,
				424B554B1C29207000DF4E9A /* Release */,
			);
			defaultConfigurationIsVisible = 0;
			defaultConfigurationName = Release;
		};
/* End XCConfigurationList section */
	};
	rootObject = 424B550E1C29207000DF4E9A /* Project object */;
}
